<?xml version="1.0" encoding="utf-8"?>
<Project ToolsVersion="4.0" xmlns="http://schemas.microsoft.com/developer/msbuild/2003">
  <ItemGroup>
    <Filter Include="Core">
      <UniqueIdentifier>{2EB4837C-1AEB-840D-C3D7-6A10AFED000F}</UniqueIdentifier>
    </Filter>
    <Filter Include="Core\ImGui">
      <UniqueIdentifier>{D8137ACD-C4CB-BB1A-2DD3-947619AA560B}</UniqueIdentifier>
    </Filter>
    <Filter Include="Core\Layer">
      <UniqueIdentifier>{7A9BAACD-6653-EC1A-CF5A-C576BB31870B}</UniqueIdentifier>
    </Filter>
    <Filter Include="Events">
      <UniqueIdentifier>{3A8963B1-262B-8E87-0FE6-A1DBFB2615D8}</UniqueIdentifier>
    </Filter>
    <Filter Include="Platform">
      <UniqueIdentifier>{2AC788B4-1694-E3BF-3FAD-D1672BD9184E}</UniqueIdentifier>
    </Filter>
    <Filter Include="Platform\OpenGL">
      <UniqueIdentifier>{1E7D2C1D-8A08-9AE1-9319-1DD6FF23F6E1}</UniqueIdentifier>
    </Filter>
    <Filter Include="graphics">
      <UniqueIdentifier>{36EF08BC-22BC-63C7-4BD5-516F37019955}</UniqueIdentifier>
    </Filter>
  </ItemGroup>
  <ItemGroup>
    <ClInclude Include="src\Core\Application.h">
      <Filter>Core</Filter>
    </ClInclude>
    <ClInclude Include="src\Core\Core.h">
      <Filter>Core</Filter>
    </ClInclude>
    <ClInclude Include="src\Core\EntryPoint.h">
      <Filter>Core</Filter>
    </ClInclude>
    <ClInclude Include="src\Core\KeyCodes.h">
      <Filter>Core</Filter>
    </ClInclude>
    <ClInclude Include="src\Core\Layer\ImGuiLayer.h">
      <Filter>Core\Layer</Filter>
    </ClInclude>
    <ClInclude Include="src\Core\Layer\Layer.h">
      <Filter>Core\Layer</Filter>
    </ClInclude>
    <ClInclude Include="src\Core\Layer\LayerStack.h">
      <Filter>Core\Layer</Filter>
    </ClInclude>
    <ClInclude Include="src\Core\Log.h">
      <Filter>Core</Filter>
    </ClInclude>
    <ClInclude Include="src\Events\Event.h">
      <Filter>Events</Filter>
    </ClInclude>
    <ClInclude Include="src\Events\InputEvent.h">
      <Filter>Events</Filter>
    </ClInclude>
    <ClInclude Include="src\Events\WindowEvent.h">
      <Filter>Events</Filter>
    </ClInclude>
    <ClInclude Include="src\Infinit.h" />
    <ClInclude Include="src\Platform\OpenGL\OpenGLBuffer.h">
      <Filter>Platform\OpenGL</Filter>
    </ClInclude>
    <ClInclude Include="src\Platform\OpenGL\OpenGLShader.h">
      <Filter>Platform\OpenGL</Filter>
    </ClInclude>
    <ClInclude Include="src\Platform\OpenGL\OpenGLVertexArray.h">
      <Filter>Platform\OpenGL</Filter>
    </ClInclude>
    <ClInclude Include="src\graphics\Buffer.h">
      <Filter>graphics</Filter>
    </ClInclude>
    <ClInclude Include="src\graphics\Mesh.h">
      <Filter>graphics</Filter>
    </ClInclude>
    <ClInclude Include="src\graphics\RenderContext.h">
      <Filter>graphics</Filter>
    </ClInclude>
    <ClInclude Include="src\graphics\Shader.h">
      <Filter>graphics</Filter>
    </ClInclude>
    <ClInclude Include="src\graphics\VertexArray.h">
      <Filter>graphics</Filter>
    </ClInclude>
    <ClInclude Include="src\graphics\Window.h">
      <Filter>graphics</Filter>
    </ClInclude>
    <ClInclude Include="src\inpch.h" />
    <ClInclude Include="src\graphics\Renderer.h" />
    <ClInclude Include="src\graphics\RendererAPI.h" />
    <ClInclude Include="src\Platform\OpenGL\OpenGLRendererAPI.h" />
    <ClInclude Include="src\graphics\Camera.h" />
    <ClInclude Include="src\Core\Input.h" />
  </ItemGroup>
  <ItemGroup>
    <ClCompile Include="src\Core\Application.cpp">
      <Filter>Core</Filter>
    </ClCompile>
    <ClCompile Include="src\Core\ImGui\ImGuiBuild.cpp">
      <Filter>Core\ImGui</Filter>
    </ClCompile>
    <ClCompile Include="src\Core\Layer\ImGuiLayer.cpp">
      <Filter>Core\Layer</Filter>
    </ClCompile>
    <ClCompile Include="src\Core\Layer\Layer.cpp">
      <Filter>Core\Layer</Filter>
    </ClCompile>
    <ClCompile Include="src\Core\Layer\LayerStack.cpp">
      <Filter>Core\Layer</Filter>
    </ClCompile>
    <ClCompile Include="src\Core\Log.cpp">
      <Filter>Core</Filter>
    </ClCompile>
    <ClCompile Include="src\Platform\OpenGL\OpenGLBuffer.cpp">
      <Filter>Platform\OpenGL</Filter>
    </ClCompile>
    <ClCompile Include="src\Platform\OpenGL\OpenGLShader.cpp">
      <Filter>Platform\OpenGL</Filter>
    </ClCompile>
    <ClCompile Include="src\Platform\OpenGL\OpenGLVertexArray.cpp">
      <Filter>Platform\OpenGL</Filter>
    </ClCompile>
    <ClCompile Include="src\graphics\Buffer.cpp">
      <Filter>graphics</Filter>
    </ClCompile>
    <ClCompile Include="src\graphics\Shader.cpp">
      <Filter>graphics</Filter>
    </ClCompile>
    <ClCompile Include="src\graphics\VertexArray.cpp">
      <Filter>graphics</Filter>
    </ClCompile>
    <ClCompile Include="src\graphics\Window.cpp">
      <Filter>graphics</Filter>
    </ClCompile>
    <ClCompile Include="src\inpch.cpp" />
    <ClCompile Include="src\graphics\Mesh.cpp" />
    <ClCompile Include="src\graphics\Renderer.cpp" />
    <ClCompile Include="src\graphics\RendererAPI.cpp" />
    <ClCompile Include="src\Platform\OpenGL\OpenGLRendererAPI.cpp" />
    <ClCompile Include="src\graphics\Camera.cpp" />
    <ClCompile Include="src\Core\Input.cpp" />
  </ItemGroup>
</Project>